
Microsoft Visual Studio Solution File, Format Version 12.00
# Visual Studio Version 17
VisualStudioVersion = 17.7.34202.233
MinimumVisualStudioVersion = 10.0.40219.1
Project("{8BC9CEB8-8B4A-11D0-8D11-00A0C91BC942}") = "Dependency inversion principle", "Dependency inversion principle\Dependency inversion principle.vcxproj", "{63902C7D-1950-4B9A-936F-B35917554350}"
EndProject
Global
	GlobalSection(SolutionConfigurationPlatforms) = preSolution
		Debug|x64 = Debug|x64
		Debug|x86 = Debug|x86
		Release|x64 = Release|x64
		Release|x86 = Release|x86
	EndGlobalSection
	GlobalSection(ProjectConfigurationPlatforms) = postSolution
		{63902C7D-1950-4B9A-936F-B35917554350}.Debug|x64.ActiveCfg = Debug|x64
		{63902C7D-1950-4B9A-936F-B35917554350}.Debug|x64.Build.0 = Debug|x64
		{63902C7D-1950-4B9A-936F-B35917554350}.Debug|x86.ActiveCfg = Debug|Win32
		{63902C7D-1950-4B9A-936F-B35917554350}.Debug|x86.Build.0 = Debug|Win32
		{63902C7D-1950-4B9A-936F-B35917554350}.Release|x64.ActiveCfg = Release|x64
		{63902C7D-1950-4B9A-936F-B35917554350}.Release|x64.Build.0 = Release|x64
		{63902C7D-1950-4B9A-936F-B35917554350}.Release|x86.ActiveCfg = Release|Win32
		{63902C7D-1950-4B9A-936F-B35917554350}.Release|x86.Build.0 = Release|Win32
	EndGlobalSection
	GlobalSection(SolutionProperties) = preSolution
		HideSolutionNode = FALSE
	EndGlobalSection
	GlobalSection(ExtensibilityGlobals) = postSolution
		SolutionGuid = {3E88D7B7-6646-4F5F-B103-56616B70E5AE}
	EndGlobalSection
EndGlobal
